{
  "name": "demo",
  "version": "1.0.0",
  "lockfileVersion": 1,
  "requires": true,
  "dependencies": {
    "browsersync": {
      "version": "0.0.1-security",
      "resolved": "http://registry.npm.taobao.org/browsersync/download/browsersync-0.0.1-security.tgz",
      "integrity": "sha1-6IX+Q1TS7FpWXDjEwr8KASrWSGA=",
      "dev": true
    }
  }
}
